PODS:
  - Flutter (1.0.0)
  - tap_joy_plugin (0.0.5):
    - Flutter
    - TapjoySDK
  - TapjoySDK (12.7.1)

DEPENDENCIES:
  - Flutter (from `Flutter`)
  - tap_joy_plugin (from `.symlinks/plugins/tap_joy_plugin/ios`)

SPEC REPOS:
  trunk:
    - TapjoySDK

EXTERNAL SOURCES:
  Flutter:
    :path: Flutter
  tap_joy_plugin:
    :path: ".symlinks/plugins/tap_joy_plugin/ios"

SPEC CHECKSUMS:
  Flutter: 434fef37c0980e73bb6479ef766c45957d4b510c
  tap_joy_plugin: ea37e82ed5e78be00aa5cc105de1679b9e1724da
  TapjoySDK: 27e4116ba377dcbe064743ca3ec3a8d70ccee2bb

PODFILE CHECKSUM: 9fdfb617ede6b16f6847fe4279f55ee540c6d5ac

COCOAPODS: 1.10.0
